
Microsoft Visual Studio Solution File, Format Version 12.00
# Visual Studio Version 17
VisualStudioVersion = 17.8.34525.116
MinimumVisualStudioVersion = 10.0.40219.1
Project("{2150E333-8FDC-42A3-9474-1A3956D46DE8}") = "Src", "Src", "{E961E0F4-9F78-44C0-B141-994178170F58}"
EndProject
Project("{9A19103F-16F7-4668-BE54-9A1E7A4F7556}") = "EmitLog", "Src\EmitLog\EmitLog.csproj", "{6E823770-6DC1-4355-9155-AF856FF9FF10}"
EndProject
Project("{9A19103F-16F7-4668-BE54-9A1E7A4F7556}") = "NewTask", "Src\NewTask\NewTask.csproj", "{36830E15-927F-4136-84CA-1CD7F320C46E}"
EndProject
Project("{9A19103F-16F7-4668-BE54-9A1E7A4F7556}") = "NewTaskAck", "Src\NewTaskAck\NewTaskAck.csproj", "{2B067444-CB24-41C5-9605-D2FA53D09E8B}"
EndProject
Project("{9A19103F-16F7-4668-BE54-9A1E7A4F7556}") = "Receive", "Src\Receive\Receive.csproj", "{AA07E19F-C028-43CC-95ED-5C05AE5CEDF1}"
EndProject
Project("{9A19103F-16F7-4668-BE54-9A1E7A4F7556}") = "ReceiveLogs", "Src\ReceiveLogs\ReceiveLogs.csproj", "{99DEE5CA-3616-4811-97D7-FA23391B3AC4}"
EndProject
Project("{9A19103F-16F7-4668-BE54-9A1E7A4F7556}") = "RpcClient", "Src\RpcClient\RpcClient.csproj", "{60D3BF6C-AA16-4F48-B6E0-99572D3C332F}"
EndProject
Project("{9A19103F-16F7-4668-BE54-9A1E7A4F7556}") = "RpcWorker", "Src\RpcWorker\RpcWorker.csproj", "{5E662B83-9E50-4647-B48E-C4635727AA48}"
EndProject
Project("{9A19103F-16F7-4668-BE54-9A1E7A4F7556}") = "Send", "Src\Send\Send.csproj", "{30DE4BFE-D057-4EB9-B225-337B02969C11}"
EndProject
Project("{9A19103F-16F7-4668-BE54-9A1E7A4F7556}") = "Worker", "Src\Worker\Worker.csproj", "{F9EF05D1-F808-43BA-8EE3-965E7C356336}"
EndProject
Project("{9A19103F-16F7-4668-BE54-9A1E7A4F7556}") = "WorkerAck", "Src\WorkerAck\WorkerAck.csproj", "{CBC5FD37-2E9A-4720-830F-95AE16A0EACD}"
EndProject
Project("{2150E333-8FDC-42A3-9474-1A3956D46DE8}") = "Tests", "Tests", "{02EA681E-C7D8-13C7-8484-4AC65E1B71E8}"
EndProject
Project("{FAE04EC0-301F-11D3-BF4B-00C04F79EFBC}") = "EmitLog.Tests", "Tests\EmitLog.Tests\EmitLog.Tests.csproj", "{9720CA0A-1A18-46A7-8C3D-88D9B92C2457}"
EndProject
Global
	GlobalSection(SolutionConfigurationPlatforms) = preSolution
		Debug|Any CPU = Debug|Any CPU
		Release|Any CPU = Release|Any CPU
	EndGlobalSection
	GlobalSection(ProjectConfigurationPlatforms) = postSolution
		{6E823770-6DC1-4355-9155-AF856FF9FF10}.Debug|Any CPU.ActiveCfg = Debug|Any CPU
		{6E823770-6DC1-4355-9155-AF856FF9FF10}.Debug|Any CPU.Build.0 = Debug|Any CPU
		{6E823770-6DC1-4355-9155-AF856FF9FF10}.Release|Any CPU.ActiveCfg = Release|Any CPU
		{6E823770-6DC1-4355-9155-AF856FF9FF10}.Release|Any CPU.Build.0 = Release|Any CPU
		{36830E15-927F-4136-84CA-1CD7F320C46E}.Debug|Any CPU.ActiveCfg = Debug|Any CPU
		{36830E15-927F-4136-84CA-1CD7F320C46E}.Debug|Any CPU.Build.0 = Debug|Any CPU
		{36830E15-927F-4136-84CA-1CD7F320C46E}.Release|Any CPU.ActiveCfg = Release|Any CPU
		{36830E15-927F-4136-84CA-1CD7F320C46E}.Release|Any CPU.Build.0 = Release|Any CPU
		{2B067444-CB24-41C5-9605-D2FA53D09E8B}.Debug|Any CPU.ActiveCfg = Debug|Any CPU
		{2B067444-CB24-41C5-9605-D2FA53D09E8B}.Debug|Any CPU.Build.0 = Debug|Any CPU
		{2B067444-CB24-41C5-9605-D2FA53D09E8B}.Release|Any CPU.ActiveCfg = Release|Any CPU
		{2B067444-CB24-41C5-9605-D2FA53D09E8B}.Release|Any CPU.Build.0 = Release|Any CPU
		{AA07E19F-C028-43CC-95ED-5C05AE5CEDF1}.Debug|Any CPU.ActiveCfg = Debug|Any CPU
		{AA07E19F-C028-43CC-95ED-5C05AE5CEDF1}.Debug|Any CPU.Build.0 = Debug|Any CPU
		{AA07E19F-C028-43CC-95ED-5C05AE5CEDF1}.Release|Any CPU.ActiveCfg = Release|Any CPU
		{AA07E19F-C028-43CC-95ED-5C05AE5CEDF1}.Release|Any CPU.Build.0 = Release|Any CPU
		{99DEE5CA-3616-4811-97D7-FA23391B3AC4}.Debug|Any CPU.ActiveCfg = Debug|Any CPU
		{99DEE5CA-3616-4811-97D7-FA23391B3AC4}.Debug|Any CPU.Build.0 = Debug|Any CPU
		{99DEE5CA-3616-4811-97D7-FA23391B3AC4}.Release|Any CPU.ActiveCfg = Release|Any CPU
		{99DEE5CA-3616-4811-97D7-FA23391B3AC4}.Release|Any CPU.Build.0 = Release|Any CPU
		{60D3BF6C-AA16-4F48-B6E0-99572D3C332F}.Debug|Any CPU.ActiveCfg = Debug|Any CPU
		{60D3BF6C-AA16-4F48-B6E0-99572D3C332F}.Debug|Any CPU.Build.0 = Debug|Any CPU
		{60D3BF6C-AA16-4F48-B6E0-99572D3C332F}.Release|Any CPU.ActiveCfg = Release|Any CPU
		{60D3BF6C-AA16-4F48-B6E0-99572D3C332F}.Release|Any CPU.Build.0 = Release|Any CPU
		{5E662B83-9E50-4647-B48E-C4635727AA48}.Debug|Any CPU.ActiveCfg = Debug|Any CPU
		{5E662B83-9E50-4647-B48E-C4635727AA48}.Debug|Any CPU.Build.0 = Debug|Any CPU
		{5E662B83-9E50-4647-B48E-C4635727AA48}.Release|Any CPU.ActiveCfg = Release|Any CPU
		{5E662B83-9E50-4647-B48E-C4635727AA48}.Release|Any CPU.Build.0 = Release|Any CPU
		{30DE4BFE-D057-4EB9-B225-337B02969C11}.Debug|Any CPU.ActiveCfg = Debug|Any CPU
		{30DE4BFE-D057-4EB9-B225-337B02969C11}.Debug|Any CPU.Build.0 = Debug|Any CPU
		{30DE4BFE-D057-4EB9-B225-337B02969C11}.Release|Any CPU.ActiveCfg = Release|Any CPU
		{30DE4BFE-D057-4EB9-B225-337B02969C11}.Release|Any CPU.Build.0 = Release|Any CPU
		{F9EF05D1-F808-43BA-8EE3-965E7C356336}.Debug|Any CPU.ActiveCfg = Debug|Any CPU
		{F9EF05D1-F808-43BA-8EE3-965E7C356336}.Debug|Any CPU.Build.0 = Debug|Any CPU
		{F9EF05D1-F808-43BA-8EE3-965E7C356336}.Release|Any CPU.ActiveCfg = Release|Any CPU
		{F9EF05D1-F808-43BA-8EE3-965E7C356336}.Release|Any CPU.Build.0 = Release|Any CPU
		{CBC5FD37-2E9A-4720-830F-95AE16A0EACD}.Debug|Any CPU.ActiveCfg = Debug|Any CPU
		{CBC5FD37-2E9A-4720-830F-95AE16A0EACD}.Debug|Any CPU.Build.0 = Debug|Any CPU
		{CBC5FD37-2E9A-4720-830F-95AE16A0EACD}.Release|Any CPU.ActiveCfg = Release|Any CPU
		{CBC5FD37-2E9A-4720-830F-95AE16A0EACD}.Release|Any CPU.Build.0 = Release|Any CPU
		{9720CA0A-1A18-46A7-8C3D-88D9B92C2457}.Debug|Any CPU.ActiveCfg = Debug|Any CPU
		{9720CA0A-1A18-46A7-8C3D-88D9B92C2457}.Debug|Any CPU.Build.0 = Debug|Any CPU
		{9720CA0A-1A18-46A7-8C3D-88D9B92C2457}.Release|Any CPU.ActiveCfg = Release|Any CPU
		{9720CA0A-1A18-46A7-8C3D-88D9B92C2457}.Release|Any CPU.Build.0 = Release|Any CPU
	EndGlobalSection
	GlobalSection(SolutionProperties) = preSolution
		HideSolutionNode = FALSE
	EndGlobalSection
	GlobalSection(NestedProjects) = preSolution
		{6E823770-6DC1-4355-9155-AF856FF9FF10} = {E961E0F4-9F78-44C0-B141-994178170F58}
		{36830E15-927F-4136-84CA-1CD7F320C46E} = {E961E0F4-9F78-44C0-B141-994178170F58}
		{2B067444-CB24-41C5-9605-D2FA53D09E8B} = {E961E0F4-9F78-44C0-B141-994178170F58}
		{AA07E19F-C028-43CC-95ED-5C05AE5CEDF1} = {E961E0F4-9F78-44C0-B141-994178170F58}
		{99DEE5CA-3616-4811-97D7-FA23391B3AC4} = {E961E0F4-9F78-44C0-B141-994178170F58}
		{60D3BF6C-AA16-4F48-B6E0-99572D3C332F} = {E961E0F4-9F78-44C0-B141-994178170F58}
		{5E662B83-9E50-4647-B48E-C4635727AA48} = {E961E0F4-9F78-44C0-B141-994178170F58}
		{30DE4BFE-D057-4EB9-B225-337B02969C11} = {E961E0F4-9F78-44C0-B141-994178170F58}
		{F9EF05D1-F808-43BA-8EE3-965E7C356336} = {E961E0F4-9F78-44C0-B141-994178170F58}
		{CBC5FD37-2E9A-4720-830F-95AE16A0EACD} = {E961E0F4-9F78-44C0-B141-994178170F58}
		{9720CA0A-1A18-46A7-8C3D-88D9B92C2457} = {02EA681E-C7D8-13C7-8484-4AC65E1B71E8}
	EndGlobalSection
	GlobalSection(ExtensibilityGlobals) = postSolution
		SolutionGuid = {D23A7951-8498-4403-8293-0828B60021C0}
	EndGlobalSection
EndGlobal
